// !$*UTF8*$!
{
	archiveVersion = 1;
	classes = {
	};
	objectVersion = 56;
	objects = {

/* Begin PBXBuildFile section */
		CC00000000000000000000A1 /* KotsuAnzanApp.swift in Sources */ = {isa = PBXBuildFile; fileRef = BB00000000000000000000A1 /* KotsuAnzanApp.swift */; };
		CC00000000000000000000A2 /* ContentView.swift in Sources */ = {isa = PBXBuildFile; fileRef = BB00000000000000000000A2 /* ContentView.swift */; };
		CC00000000000000000000A3 /* Problem.swift in Sources */ = {isa = PBXBuildFile; fileRef = BB00000000000000000000A3 /* Problem.swift */; };
		CC00000000000000000000A4 /* ProblemGenerator.swift in Sources */ = {isa = PBXBuildFile; fileRef = BB00000000000000000000A4 /* ProblemGenerator.swift */; };
		CC00000000000000000000A5 /* GameViewModel.swift in Sources */ = {isa = PBXBuildFile; fileRef = BB00000000000000000000A5 /* GameViewModel.swift */; };
		CC00000000000000000000A6 /* HomeView.swift in Sources */ = {isa = PBXBuildFile; fileRef = BB00000000000000000000A6 /* HomeView.swift */; };
		CC00000000000000000000A7 /* GameView.swift in Sources */ = {isa = PBXBuildFile; fileRef = BB00000000000000000000A7 /* GameView.swift */; };
		CC00000000000000000000A8 /* ResultView.swift in Sources */ = {isa = PBXBuildFile; fileRef = BB00000000000000000000A8 /* ResultView.swift */; };
		CC00000000000000000000A9 /* Assets.xcassets in Resources */ = {isa = PBXBuildFile; fileRef = BB00000000000000000000A9 /* Assets.xcassets */; };
		CC00000000000000000000B1 /* StoryView.swift in Sources */ = {isa = PBXBuildFile; fileRef = BB00000000000000000000B1 /* StoryView.swift */; };
		CC00000000000000000000B2 /* GameEndView.swift in Sources */ = {isa = PBXBuildFile; fileRef = BB00000000000000000000B2 /* GameEndView.swift */; };
		CC00000000000000000000B3 /* HomeReturnView.swift in Sources */ = {isa = PBXBuildFile; fileRef = BB00000000000000000000B3 /* HomeReturnView.swift */; };
		CC00000000000000000000B4 /* MogmogView.swift in Sources */ = {isa = PBXBuildFile; fileRef = BB00000000000000000000B4 /* MogmogView.swift */; };
		CC00000000000000000000B5 /* WinterView.swift in Sources */ = {isa = PBXBuildFile; fileRef = BB00000000000000000000B5 /* WinterView.swift */; };
/* End PBXBuildFile section */

/* Begin PBXFileReference section */
		BB00000000000000000000A1 /* KotsuAnzanApp.swift */ = {isa = PBXFileReference; lastKnownFileType = sourcecode.swift; path = KotsuAnzanApp.swift; sourceTree = "<group>"; };
		BB00000000000000000000A2 /* ContentView.swift */ = {isa = PBXFileReference; lastKnownFileType = sourcecode.swift; path = ContentView.swift; sourceTree = "<group>"; };
		BB00000000000000000000A3 /* Problem.swift */ = {isa = PBXFileReference; lastKnownFileType = sourcecode.swift; path = Problem.swift; sourceTree = "<group>"; };
		BB00000000000000000000A4 /* ProblemGenerator.swift */ = {isa = PBXFileReference; lastKnownFileType = sourcecode.swift; path = ProblemGenerator.swift; sourceTree = "<group>"; };
		BB00000000000000000000A5 /* GameViewModel.swift */ = {isa = PBXFileReference; lastKnownFileType = sourcecode.swift; path = GameViewModel.swift; sourceTree = "<group>"; };
		BB00000000000000000000A6 /* HomeView.swift */ = {isa = PBXFileReference; lastKnownFileType = sourcecode.swift; path = HomeView.swift; sourceTree = "<group>"; };
		BB00000000000000000000A7 /* GameView.swift */ = {isa = PBXFileReference; lastKnownFileType = sourcecode.swift; path = GameView.swift; sourceTree = "<group>"; };
		BB00000000000000000000A8 /* ResultView.swift */ = {isa = PBXFileReference; lastKnownFileType = sourcecode.swift; path = ResultView.swift; sourceTree = "<group>"; };
		BB00000000000000000000A9 /* Assets.xcassets */ = {isa = PBXFileReference; lastKnownFileType = folder.assetcatalog; path = Assets.xcassets; sourceTree = "<group>"; };
		BB00000000000000000000AA /* KotsuAnzan.app */ = {isa = PBXFileReference; explicitFileType = wrapper.application; includeInIndex = 0; path = KotsuAnzan.app; sourceTree = BUILT_PRODUCTS_DIR; };
		BB00000000000000000000B1 /* StoryView.swift */ = {isa = PBXFileReference; lastKnownFileType = sourcecode.swift; path = StoryView.swift; sourceTree = "<group>"; };
		BB00000000000000000000B2 /* GameEndView.swift */ = {isa = PBXFileReference; lastKnownFileType = sourcecode.swift; path = GameEndView.swift; sourceTree = "<group>"; };
		BB00000000000000000000B3 /* HomeReturnView.swift */ = {isa = PBXFileReference; lastKnownFileType = sourcecode.swift; path = HomeReturnView.swift; sourceTree = "<group>"; };
		BB00000000000000000000B4 /* MogmogView.swift */ = {isa = PBXFileReference; lastKnownFileType = sourcecode.swift; path = MogmogView.swift; sourceTree = "<group>"; };
		BB00000000000000000000B5 /* WinterView.swift */ = {isa = PBXFileReference; lastKnownFileType = sourcecode.swift; path = WinterView.swift; sourceTree = "<group>"; };
/* End PBXFileReference section */

/* Begin PBXFrameworksBuildPhase section */
		DD00000000000000000000C1 /* Frameworks */ = {
			isa = PBXFrameworksBuildPhase;
			buildActionMask = 2147483647;
			files = (
			);
			runOnlyForDeploymentPostprocessing = 0;
		};
/* End PBXFrameworksBuildPhase section */

/* Begin PBXGroup section */
		AA00000000000000000000F0 /* MainGroup */ = {
			isa = PBXGroup;
			children = (
				AA00000000000000000000F1 /* KotsuAnzan */,
				AA00000000000000000000FF /* Products */,
			);
			sourceTree = "<group>";
		};
		AA00000000000000000000F1 /* KotsuAnzan */ = {
			isa = PBXGroup;
			children = (
				BB00000000000000000000A1 /* KotsuAnzanApp.swift */,
				BB00000000000000000000A2 /* ContentView.swift */,
				AA00000000000000000000F2 /* Models */,
				AA00000000000000000000F3 /* Services */,
				AA00000000000000000000F4 /* ViewModels */,
				AA00000000000000000000F5 /* Views */,
				BB00000000000000000000A9 /* Assets.xcassets */,
			);
			path = KotsuAnzan;
			sourceTree = "<group>";
		};
		AA00000000000000000000F2 /* Models */ = {
			isa = PBXGroup;
			children = (
				BB00000000000000000000A3 /* Problem.swift */,
			);
			path = Models;
			sourceTree = "<group>";
		};
		AA00000000000000000000F3 /* Services */ = {
			isa = PBXGroup;
			children = (
				BB00000000000000000000A4 /* ProblemGenerator.swift */,
			);
			path = Services;
			sourceTree = "<group>";
		};
		AA00000000000000000000F4 /* ViewModels */ = {
			isa = PBXGroup;
			children = (
				BB00000000000000000000A5 /* GameViewModel.swift */,
			);
			path = ViewModels;
			sourceTree = "<group>";
		};
		AA00000000000000000000F5 /* Views */ = {
			isa = PBXGroup;
			children = (
				BB00000000000000000000A6 /* HomeView.swift */,
				BB00000000000000000000B1 /* StoryView.swift */,
				BB00000000000000000000A7 /* GameView.swift */,
				BB00000000000000000000B2 /* GameEndView.swift */,
				BB00000000000000000000B3 /* HomeReturnView.swift */,
				BB00000000000000000000B4 /* MogmogView.swift */,
				BB00000000000000000000B5 /* WinterView.swift */,
				BB00000000000000000000A8 /* ResultView.swift */,
			);
			path = Views;
			sourceTree = "<group>";
		};
		AA00000000000000000000FF /* Products */ = {
			isa = PBXGroup;
			children = (
				BB00000000000000000000AA /* KotsuAnzan.app */,
			);
			name = Products;
			sourceTree = "<group>";
		};
/* End PBXGroup section */

/* Begin PBXNativeTarget section */
		DD00000000000000000000A1 /* KotsuAnzan */ = {
			isa = PBXNativeTarget;
			buildConfigurationList = EE00000000000000000000B1 /* Build configuration list for PBXNativeTarget "KotsuAnzan" */;
			buildPhases = (
				DD00000000000000000000B1 /* Sources */,
				DD00000000000000000000C1 /* Frameworks */,
				DD00000000000000000000D1 /* Resources */,
			);
			buildRules = (
			);
			dependencies = (
			);
			name = KotsuAnzan;
			productName = KotsuAnzan;
			productReference = BB00000000000000000000AA /* KotsuAnzan.app */;
			productType = "com.apple.product-type.application";
		};
/* End PBXNativeTarget section */

/* Begin PBXProject section */
		FF00000000000000000000A1 /* Project object */ = {
			isa = PBXProject;
			attributes = {
				BuildIndependentTargetsInParallel = 1;
				LastSwiftUpdateCheck = 1500;
				LastUpgradeCheck = 1500;
				TargetAttributes = {
					DD00000000000000000000A1 = {
						CreatedOnToolsVersion = 15.0;
					};
				};
			};
			buildConfigurationList = EE00000000000000000000A1 /* Build configuration list for PBXProject "KotsuAnzan" */;
			compatibilityVersion = "Xcode 14.0";
			developmentRegion = ja;
			hasScannedForEncodings = 0;
			knownRegions = (
				ja,
				Base,
			);
			mainGroup = AA00000000000000000000F0;
			productRefGroup = AA00000000000000000000FF /* Products */;
			projectDirPath = "";
			projectRoot = "";
			targets = (
				DD00000000000000000000A1 /* KotsuAnzan */,
			);
		};
/* End PBXProject section */

/* Begin PBXResourcesBuildPhase section */
		DD00000000000000000000D1 /* Resources */ = {
			isa = PBXResourcesBuildPhase;
			buildActionMask = 2147483647;
			files = (
				CC00000000000000000000A9 /* Assets.xcassets in Resources */,
			);
			runOnlyForDeploymentPostprocessing = 0;
		};
/* End PBXResourcesBuildPhase section */

/* Begin PBXSourcesBuildPhase section */
		DD00000000000000000000B1 /* Sources */ = {
			isa = PBXSourcesBuildPhase;
			buildActionMask = 2147483647;
			files = (
				CC00000000000000000000A1 /* KotsuAnzanApp.swift in Sources */,
				CC00000000000000000000A2 /* ContentView.swift in Sources */,
				CC00000000000000000000A3 /* Problem.swift in Sources */,
				CC00000000000000000000A4 /* ProblemGenerator.swift in Sources */,
				CC00000000000000000000A5 /* GameViewModel.swift in Sources */,
				CC00000000000000000000A6 /* HomeView.swift in Sources */,
				CC00000000000000000000B1 /* StoryView.swift in Sources */,
				CC00000000000000000000A7 /* GameView.swift in Sources */,
				CC00000000000000000000B2 /* GameEndView.swift in Sources */,
				CC00000000000000000000B3 /* HomeReturnView.swift in Sources */,
				CC00000000000000000000B4 /* MogmogView.swift in Sources */,
				CC00000000000000000000B5 /* WinterView.swift in Sources */,
				CC00000000000000000000A8 /* ResultView.swift in Sources */,
			);
			runOnlyForDeploymentPostprocessing = 0;
		};
/* End PBXSourcesBuildPhase section */

/* Begin XCBuildConfiguration section */
		EE00000000000000000000A2 /* Debug */ = {
			isa = XCBuildConfiguration;
			buildSettings = {
				ALWAYS_SEARCH_USER_PATHS = NO;
				ASSETCATALOG_COMPILER_GENERATE_SWIFT_ASSET_SYMBOL_EXTENSIONS = YES;
				CLANG_ANALYZER_NONNULL = YES;
				CLANG_ANALYZER_NUMBER_OBJECT_CONVERSION = YES_AGGRESSIVE;
				CLANG_CXX_LANGUAGE_STANDARD = "gnu++20";
				CLANG_ENABLE_MODULES = YES;
				CLANG_ENABLE_OBJC_ARC = YES;
				CLANG_ENABLE_OBJC_WEAK = YES;
				CLANG_WARN_BLOCK_CAPTURE_AUTORELEASING = YES;
				CLANG_WARN_BOOL_CONVERSION = YES;
				CLANG_WARN_COMMA = YES;
				CLANG_WARN_CONSTANT_CONVERSION = YES;
				CLANG_WARN_DEPRECATED_OBJC_IMPLEMENTATIONS = YES;
				CLANG_WARN_DIRECT_OBJC_ISA_USAGE = YES_ERROR;
				CLANG_WARN_DOCUMENTATION_COMMENTS = YES;
				CLANG_WARN_EMPTY_BODY = YES;
				CLANG_WARN_ENUM_CONVERSION = YES;
				CLANG_WARN_INFINITE_RECURSION = YES;
				CLANG_WARN_INT_CONVERSION = YES;
				CLANG_WARN_NON_LITERAL_NULL_CONVERSION = YES;
				CLANG_WARN_OBJC_IMPLICIT_RETAIN_SELF = YES;
				CLANG_WARN_OBJC_LITERAL_CONVERSION = YES;
				CLANG_WARN_OBJC_ROOT_CLASS = YES_ERROR;
				CLANG_WARN_QUOTED_INCLUDE_IN_FRAMEWORK_HEADER = YES;
				CLANG_WARN_RANGE_LOOP_ANALYSIS = YES;
				CLANG_WARN_STRICT_PROTOTYPES = YES;
				CLANG_WARN_SUSPICIOUS_MOVE = YES;
				CLANG_WARN_UNGUARDED_AVAILABILITY = YES_AGGRESSIVE;
				CLANG_WARN_UNREACHABLE_CODE = YES;
				CLANG_WARN__DUPLICATE_METHOD_MATCH = YES;
				COPY_PHASE_STRIP = NO;
				DEBUG_INFORMATION_FORMAT = dwarf;
				ENABLE_STRICT_OBJC_MSGSEND = YES;
				ENABLE_TESTABILITY = YES;
				ENABLE_USER_SCRIPT_SANDBOXING = YES;
				GCC_C_LANGUAGE_STANDARD = gnu17;
				GCC_DYNAMIC_NO_PIC = NO;
				GCC_NO_COMMON_BLOCKS = YES;
				GCC_OPTIMIZATION_LEVEL = 0;
				GCC_PREPROCESSOR_DEFINITIONS = (
					"DEBUG=1",
					"$(inherited)",
				);
				GCC_WARN_64_TO_32_BIT_CONVERSION = YES;
				GCC_WARN_ABOUT_RETURN_TYPE = YES_ERROR;
				GCC_WARN_UNDECLARED_SELECTOR = YES;
				GCC_WARN_UNINITIALIZED_AUTOS = YES_AGGRESSIVE;
				GCC_WARN_UNUSED_FUNCTION = YES;
				GCC_WARN_UNUSED_VARIABLE = YES;
				IPHONEOS_DEPLOYMENT_TARGET = 17.0;
				MTL_ENABLE_DEBUG_INFO = INCLUDE_SOURCE;
				MTL_FAST_MATH = YES;
				ONLY_ACTIVE_ARCH = YES;
				SDKROOT = iphoneos;
				SWIFT_ACTIVE_COMPILATION_CONDITIONS = DEBUG;
				SWIFT_OPTIMIZATION_LEVEL = "-Onone";
			};
			name = Debug;
		};
		EE00000000000000000000A3 /* Release */ = {
			isa = XCBuildConfiguration;
			buildSettings = {
				ALWAYS_SEARCH_USER_PATHS = NO;
				ASSETCATALOG_COMPILER_GENERATE_SWIFT_ASSET_SYMBOL_EXTENSIONS = YES;
				CLANG_ANALYZER_NONNULL = YES;
				CLANG_ANALYZER_NUMBER_OBJECT_CONVERSION = YES_AGGRESSIVE;
				CLANG_CXX_LANGUAGE_STANDARD = "gnu++20";
				CLANG_ENABLE_MODULES = YES;
				CLANG_ENABLE_OBJC_ARC = YES;
				CLANG_ENABLE_OBJC_WEAK = YES;
				CLANG_WARN_BLOCK_CAPTURE_AUTORELEASING = YES;
				CLANG_WARN_BOOL_CONVERSION = YES;
				CLANG_WARN_COMMA = YES;
				CLANG_WARN_CONSTANT_CONVERSION = YES;
				CLANG_WARN_DEPRECATED_OBJC_IMPLEMENTATIONS = YES;
				CLANG_WARN_DIRECT_OBJC_ISA_USAGE = YES_ERROR;
				CLANG_WARN_DOCUMENTATION_COMMENTS = YES;
				CLANG_WARN_EMPTY_BODY = YES;
				CLANG_WARN_ENUM_CONVERSION = YES;
				CLANG_WARN_INFINITE_RECURSION = YES;
				CLANG_WARN_INT_CONVERSION = YES;
				CLANG_WARN_NON_LITERAL_NULL_CONVERSION = YES;
				CLANG_WARN_OBJC_IMPLICIT_RETAIN_SELF = YES;
				CLANG_WARN_OBJC_LITERAL_CONVERSION = YES;
				CLANG_WARN_OBJC_ROOT_CLASS = YES_ERROR;
				CLANG_WARN_QUOTED_INCLUDE_IN_FRAMEWORK_HEADER = YES;
				CLANG_WARN_RANGE_LOOP_ANALYSIS = YES;
				CLANG_WARN_STRICT_PROTOTYPES = YES;
				CLANG_WARN_SUSPICIOUS_MOVE = YES;
				CLANG_WARN_UNGUARDED_AVAILABILITY = YES_AGGRESSIVE;
				CLANG_WARN_UNREACHABLE_CODE = YES;
				CLANG_WARN__DUPLICATE_METHOD_MATCH = YES;
				COPY_PHASE_STRIP = NO;
				DEBUG_INFORMATION_FORMAT = "dwarf-with-dsym";
				ENABLE_NS_ASSERTIONS = NO;
				ENABLE_STRICT_OBJC_MSGSEND = YES;
				ENABLE_USER_SCRIPT_SANDBOXING = YES;
				GCC_C_LANGUAGE_STANDARD = gnu17;
				GCC_NO_COMMON_BLOCKS = YES;
				GCC_WARN_64_TO_32_BIT_CONVERSION = YES;
				GCC_WARN_ABOUT_RETURN_TYPE = YES_ERROR;
				GCC_WARN_UNDECLARED_SELECTOR = YES;
				GCC_WARN_UNINITIALIZED_AUTOS = YES_AGGRESSIVE;
				GCC_WARN_UNUSED_FUNCTION = YES;
				GCC_WARN_UNUSED_VARIABLE = YES;
				IPHONEOS_DEPLOYMENT_TARGET = 17.0;
				MTL_FAST_MATH = YES;
				SDKROOT = iphoneos;
				SWIFT_COMPILATION_MODE = wholemodule;
				VALIDATE_PRODUCT = YES;
			};
			name = Release;
		};
		EE00000000000000000000B2 /* Debug */ = {
			isa = XCBuildConfiguration;
			buildSettings = {
				ASSETCATALOG_COMPILER_APPICON_NAME = AppIcon;
				ASSETCATALOG_COMPILER_GLOBAL_ACCENT_COLOR_NAME = AccentColor;
				CODE_SIGN_STYLE = Automatic;
				CURRENT_PROJECT_VERSION = 1;
				DEVELOPMENT_TEAM = "";
				GENERATE_INFOPLIST_FILE = YES;
				INFOPLIST_KEY_UIApplicationSceneManifest_Generation = YES;
				INFOPLIST_KEY_UIApplicationSupportsIndirectInputEvents = YES;
				INFOPLIST_KEY_UILaunchScreen_Generation = YES;
				INFOPLIST_KEY_UISupportedInterfaceOrientations_iPhone = "UIInterfaceOrientationPortrait UIInterfaceOrientationLandscapeLeft UIInterfaceOrientationLandscapeRight";
				INFOPLIST_KEY_UISupportedInterfaceOrientations_iPad = "UIInterfaceOrientationPortrait UIInterfaceOrientationPortraitUpsideDown UIInterfaceOrientationLandscapeLeft UIInterfaceOrientationLandscapeRight";
				LD_RUNPATH_SEARCH_PATHS = (
					"$(inherited)",
					"@executable_path/Frameworks",
				);
				MARKETING_VERSION = 1.0;
				PRODUCT_BUNDLE_IDENTIFIER = com.example.KotsuAnzan;
				PRODUCT_NAME = "$(TARGET_NAME)";
				SWIFT_EMIT_LOC_STRINGS = YES;
				SWIFT_VERSION = 5.0;
				TARGETED_DEVICE_FAMILY = "1,2";
			};
			name = Debug;
		};
		EE00000000000000000000B3 /* Release */ = {
			isa = XCBuildConfiguration;
			buildSettings = {
				ASSETCATALOG_COMPILER_APPICON_NAME = AppIcon;
				ASSETCATALOG_COMPILER_GLOBAL_ACCENT_COLOR_NAME = AccentColor;
				CODE_SIGN_STYLE = Automatic;
				CURRENT_PROJECT_VERSION = 1;
				DEVELOPMENT_TEAM = "";
				GENERATE_INFOPLIST_FILE = YES;
				INFOPLIST_KEY_UIApplicationSceneManifest_Generation = YES;
				INFOPLIST_KEY_UIApplicationSupportsIndirectInputEvents = YES;
				INFOPLIST_KEY_UILaunchScreen_Generation = YES;
				INFOPLIST_KEY_UISupportedInterfaceOrientations_iPhone = "UIInterfaceOrientationPortrait UIInterfaceOrientationLandscapeLeft UIInterfaceOrientationLandscapeRight";
				INFOPLIST_KEY_UISupportedInterfaceOrientations_iPad = "UIInterfaceOrientationPortrait UIInterfaceOrientationPortraitUpsideDown UIInterfaceOrientationLandscapeLeft UIInterfaceOrientationLandscapeRight";
				LD_RUNPATH_SEARCH_PATHS = (
					"$(inherited)",
					"@executable_path/Frameworks",
				);
				MARKETING_VERSION = 1.0;
				PRODUCT_BUNDLE_IDENTIFIER = com.example.KotsuAnzan;
				PRODUCT_NAME = "$(TARGET_NAME)";
				SWIFT_EMIT_LOC_STRINGS = YES;
				SWIFT_VERSION = 5.0;
				TARGETED_DEVICE_FAMILY = "1,2";
			};
			name = Release;
		};
/* End XCBuildConfiguration section */

/* Begin XCConfigurationList section */
		EE00000000000000000000A1 /* Build configuration list for PBXProject "KotsuAnzan" */ = {
			isa = XCConfigurationList;
			buildConfigurations = (
				EE00000000000000000000A2 /* Debug */,
				EE00000000000000000000A3 /* Release */,
			);
			defaultConfigurationIsVisible = 0;
			defaultConfigurationName = Release;
		};
		EE00000000000000000000B1 /* Build configuration list for PBXNativeTarget "KotsuAnzan" */ = {
			isa = XCConfigurationList;
			buildConfigurations = (
				EE00000000000000000000B2 /* Debug */,
				EE00000000000000000000B3 /* Release */,
			);
			defaultConfigurationIsVisible = 0;
			defaultConfigurationName = Release;
		};
/* End XCConfigurationList section */

	};
	rootObject = FF00000000000000000000A1 /* Project object */;
}
